{
  "name": "pages",
  "version": "1.0.0",
  "lockfileVersion": 3,
  "requires": true,
  "packages": {
    "": {
      "name": "pages",
      "version": "1.0.0",
      "license": "ISC",
      "dependencies": {
        "qiniu-js": "^4.0.0-beta.6"
      }
    },
    "node_modules/qiniu-js": {
      "version": "4.0.0-beta.6",
      "resolved": "https://registry.npmmirror.com/qiniu-js/-/qiniu-js-4.0.0-beta.6.tgz",
      "integrity": "sha512-XNNlgwiEq7wERK+Xew9L+Q7ql0PHV8F4LbW99BWnRSP94IlAP0GQxKiIhgrG7qhDNyjKJop3mYdlWOqbtPxKew=="
    }
  }
}
